# THIS IS AN AUTOGENERATED FILE. DO NOT EDIT THIS FILE DIRECTLY.
# yarn lockfile v1


"@keyv/serialize@^1.0.3":
  version "1.0.3"
  resolved "https://registry.npmjs.org/@keyv/serialize/-/serialize-1.0.3.tgz"
  integrity sha512-qnEovoOp5Np2JDGonIDL6Ayihw0RhnRh6vxPuHo4RDn1UOzwEo4AeIfpL6UGIrsceWrCMiVPgwRjbHu4vYFc3g==
  dependencies:
    buffer "^6.0.3"

base64-js@^1.3.1:
  version "1.5.1"
  resolved "https://registry.npmjs.org/base64-js/-/base64-js-1.5.1.tgz"
  integrity sha512-AKpaYlHn8t4SVbOHCy+b5+KKgvR4vrsD8vbvrbiQJps7fKDTkjkDry6ji0rUJjC0kzbNePLwzxq8iypo41qeWA==

buffer@^6.0.3:
  version "6.0.3"
  resolved "https://registry.npmjs.org/buffer/-/buffer-6.0.3.tgz"
  integrity sha512-FTiCpNxtwiZZHEZbcbTIcZjERVICn9yq/pDFkTl95/AxzD1naBctN7YO68riM/gLSDY7sdrMby8hofADYuuqOA==
  dependencies:
    base64-js "^1.3.1"
    ieee754 "^1.2.1"

cache-manager@^7.0.1:
  version "7.0.1"
  resolved "https://registry.npmjs.org/cache-manager/-/cache-manager-7.0.1.tgz"
  integrity sha512-Hd7FOyTtwhwLgkKeKQWEw6Ixj63VKuUWYwkGgL6g6Q7eISW6uxci5+DtUXlqI0gtbLCPPdhL1+HP9Zht27DbrA==
  dependencies:
    keyv "^5.3.4"

ieee754@^1.2.1:
  version "1.2.1"
  resolved "https://registry.npmjs.org/ieee754/-/ieee754-1.2.1.tgz"
  integrity sha512-dcyqhDvX1C46lXZcVqCpK+FtMRQVdIMN6/Df5js2zouUsqG7I6sFxitIC+7KYK29KdXOLHdu9zL4sFnoVQnqaA==

keyv@^5.3.4:
  version "5.3.4"
  resolved "https://registry.npmjs.org/keyv/-/keyv-5.3.4.tgz"
  integrity sha512-ypEvQvInNpUe+u+w8BIcPkQvEqXquyyibWE/1NB5T2BTzIpS5cGEV1LZskDzPSTvNAaT4+5FutvzlvnkxOSKlw==
  dependencies:
    "@keyv/serialize" "^1.0.3"
